
Microsoft Visual Studio Solution File, Format Version 12.00
# Visual Studio Version 16
VisualStudioVersion = 16.0.30907.101
MinimumVisualStudioVersion = 10.0.40219.1
Project("{FAE04EC0-301F-11D3-BF4B-00C04F79EFBC}") = "Core_Dersleri", "Core_Dersleri\Core_Dersleri.csproj", "{050AC80D-2055-4E7D-A238-6DEDAEBB35BB}"
EndProject
Global
	GlobalSection(SolutionConfigurationPlatforms) = preSolution
		Debug|Any CPU = Debug|Any CPU
		Release|Any CPU = Release|Any CPU
	EndGlobalSection
	GlobalSection(ProjectConfigurationPlatforms) = postSolution
		{050AC80D-2055-4E7D-A238-6DEDAEBB35BB}.Debug|Any CPU.ActiveCfg = Debug|Any CPU
		{050AC80D-2055-4E7D-A238-6DEDAEBB35BB}.Debug|Any CPU.Build.0 = Debug|Any CPU
		{050AC80D-2055-4E7D-A238-6DEDAEBB35BB}.Release|Any CPU.ActiveCfg = Release|Any CPU
		{050AC80D-2055-4E7D-A238-6DEDAEBB35BB}.Release|Any CPU.Build.0 = Release|Any CPU
	EndGlobalSection
	GlobalSection(SolutionProperties) = preSolution
		HideSolutionNode = FALSE
	EndGlobalSection
	GlobalSection(ExtensibilityGlobals) = postSolution
		SolutionGuid = {A55D5500-E945-45CD-9517-0B88163CF91C}
	EndGlobalSection
EndGlobal
